
Microsoft Visual Studio Solution File, Format Version 12.00
Project("{FAE04EC0-301F-11D3-BF4B-00C04F79EFBC}") = "vimrcManager", "vimrcManager\vimrcManager.csproj", "{C7DA95A2-2ABA-46D4-98B8-29B2CEB2C0F2}"
EndProject
Global
	GlobalSection(SolutionConfigurationPlatforms) = preSolution
		Debug|Any CPU = Debug|Any CPU
		Release|Any CPU = Release|Any CPU
	EndGlobalSection
	GlobalSection(ProjectConfigurationPlatforms) = postSolution
		{C7DA95A2-2ABA-46D4-98B8-29B2CEB2C0F2}.Debug|Any CPU.ActiveCfg = Debug|Any CPU
		{C7DA95A2-2ABA-46D4-98B8-29B2CEB2C0F2}.Debug|Any CPU.Build.0 = Debug|Any CPU
		{C7DA95A2-2ABA-46D4-98B8-29B2CEB2C0F2}.Release|Any CPU.ActiveCfg = Release|Any CPU
		{C7DA95A2-2ABA-46D4-98B8-29B2CEB2C0F2}.Release|Any CPU.Build.0 = Release|Any CPU
	EndGlobalSection
	GlobalSection(RiderSharedRunConfigurations) = postSolution
		File = run\CollateToFile.run.xml
	EndGlobalSection
EndGlobal
